// !$*UTF8*$!
{
	archiveVersion = 1;
	classes = {
	};
	objectVersion = 77;
	objects = {

/* Begin PBXContainerItemProxy section */
		7BF2CF7D2D42A8B800CC90CE /* PBXContainerItemProxy */ = {
			isa = PBXContainerItemProxy;
			containerPortal = 7BF2CF5B2D42A8B600CC90CE /* Project object */;
			proxyType = 1;
			remoteGlobalIDString = 7BF2CF622D42A8B600CC90CE;
			remoteInfo = 3dGame;
		};
		7BF2CF872D42A8B800CC90CE /* PBXContainerItemProxy */ = {
			isa = PBXContainerItemProxy;
			containerPortal = 7BF2CF5B2D42A8B600CC90CE /* Project object */;
			proxyType = 1;
			remoteGlobalIDString = 7BF2CF622D42A8B600CC90CE;
			remoteInfo = 3dGame;
		};
/* End PBXContainerItemProxy section */

/* Begin PBXFileReference section */
		7BF2CF632D42A8B600CC90CE /* 3dGame.app */ = {isa = PBXFileReference; explicitFileType = wrapper.application; includeInIndex = 0; path = 3dGame.app; sourceTree = BUILT_PRODUCTS_DIR; };
		7BF2CF7C2D42A8B800CC90CE /* 3dGameTests.xctest */ = {isa = PBXFileReference; explicitFileType = wrapper.cfbundle; includeInIndex = 0; path = 3dGameTests.xctest; sourceTree = BUILT_PRODUCTS_DIR; };
		7BF2CF862D42A8B800CC90CE /* 3dGameUITests.xctest */ = {isa = PBXFileReference; explicitFileType = wrapper.cfbundle; includeInIndex = 0; path = 3dGameUITests.xctest; sourceTree = BUILT_PRODUCTS_DIR; };
/* End PBXFileReference section */

/* Begin PBXFileSystemSynchronizedRootGroup section */
		7BF2CF652D42A8B600CC90CE /* 3dGame */ = {
			isa = PBXFileSystemSynchronizedRootGroup;
			path = 3dGame;
			sourceTree = "<group>";
		};
		7BF2CF7F2D42A8B800CC90CE /* 3dGameTests */ = {
			isa = PBXFileSystemSynchronizedRootGroup;
			path = 3dGameTests;
			sourceTree = "<group>";
		};
		7BF2CF892D42A8B800CC90CE /* 3dGameUITests */ = {
			isa = PBXFileSystemSynchronizedRootGroup;
			path = 3dGameUITests;
			sourceTree = "<group>";
		};
/* End PBXFileSystemSynchronizedRootGroup section */

/* Begin PBXFrameworksBuildPhase section */
		7BF2CF602D42A8B600CC90CE /* Frameworks */ = {
			isa = PBXFrameworksBuildPhase;
			buildActionMask = 2147483647;
			files = (
			);
			runOnlyForDeploymentPostprocessing = 0;
		};
		7BF2CF792D42A8B800CC90CE /* Frameworks */ = {
			isa = PBXFrameworksBuildPhase;
			buildActionMask = 2147483647;
			files = (
			);
			runOnlyForDeploymentPostprocessing = 0;
		};
		7BF2CF832D42A8B800CC90CE /* Frameworks */ = {
			isa = PBXFrameworksBuildPhase;
			buildActionMask = 2147483647;
			files = (
			);
			runOnlyForDeploymentPostprocessing = 0;
		};
/* End PBXFrameworksBuildPhase section */

/* Begin PBXGroup section */
		7BF2CF5A2D42A8B600CC90CE = {
			isa = PBXGroup;
			children = (
				7BF2CF652D42A8B600CC90CE /* 3dGame */,
				7BF2CF7F2D42A8B800CC90CE /* 3dGameTests */,
				7BF2CF892D42A8B800CC90CE /* 3dGameUITests */,
				7BF2CF642D42A8B600CC90CE /* Products */,
			);
			sourceTree = "<group>";
		};
		7BF2CF642D42A8B600CC90CE /* Products */ = {
			isa = PBXGroup;
			children = (
				7BF2CF632D42A8B600CC90CE /* 3dGame.app */,
				7BF2CF7C2D42A8B800CC90CE /* 3dGameTests.xctest */,
				7BF2CF862D42A8B800CC90CE /* 3dGameUITests.xctest */,
			);
			name = Products;
			sourceTree = "<group>";
		};
/* End PBXGroup section */

/* Begin PBXNativeTarget section */
		7BF2CF622D42A8B600CC90CE /* 3dGame */ = {
			isa = PBXNativeTarget;
			buildConfigurationList = 7BF2CF902D42A8B800CC90CE /* Build configuration list for PBXNativeTarget "3dGame" */;
			buildPhases = (
				7BF2CF5F2D42A8B600CC90CE /* Sources */,
				7BF2CF602D42A8B600CC90CE /* Frameworks */,
				7BF2CF612D42A8B600CC90CE /* Resources */,
			);
			buildRules = (
			);
			dependencies = (
			);
			fileSystemSynchronizedGroups = (
				7BF2CF652D42A8B600CC90CE /* 3dGame */,
			);
			name = 3dGame;
			packageProductDependencies = (
			);
			productName = 3dGame;
			productReference = 7BF2CF632D42A8B600CC90CE /* 3dGame.app */;
			productType = "com.apple.product-type.application";
		};
		7BF2CF7B2D42A8B800CC90CE /* 3dGameTests */ = {
			isa = PBXNativeTarget;
			buildConfigurationList = 7BF2CF932D42A8B800CC90CE /* Build configuration list for PBXNativeTarget "3dGameTests" */;
			buildPhases = (
				7BF2CF782D42A8B800CC90CE /* Sources */,
				7BF2CF792D42A8B800CC90CE /* Frameworks */,
				7BF2CF7A2D42A8B800CC90CE /* Resources */,
			);
			buildRules = (
			);
			dependencies = (
				7BF2CF7E2D42A8B800CC90CE /* PBXTargetDependency */,
			);
			fileSystemSynchronizedGroups = (
				7BF2CF7F2D42A8B800CC90CE /* 3dGameTests */,
			);
			name = 3dGameTests;
			packageProductDependencies = (
			);
			productName = 3dGameTests;
			productReference = 7BF2CF7C2D42A8B800CC90CE /* 3dGameTests.xctest */;
			productType = "com.apple.product-type.bundle.unit-test";
		};
		7BF2CF852D42A8B800CC90CE /* 3dGameUITests */ = {
			isa = PBXNativeTarget;
			buildConfigurationList = 7BF2CF962D42A8B800CC90CE /* Build configuration list for PBXNativeTarget "3dGameUITests" */;
			buildPhases = (
				7BF2CF822D42A8B800CC90CE /* Sources */,
				7BF2CF832D42A8B800CC90CE /* Frameworks */,
				7BF2CF842D42A8B800CC90CE /* Resources */,
			);
			buildRules = (
			);
			dependencies = (
				7BF2CF882D42A8B800CC90CE /* PBXTargetDependency */,
			);
			fileSystemSynchronizedGroups = (
				7BF2CF892D42A8B800CC90CE /* 3dGameUITests */,
			);
			name = 3dGameUITests;
			packageProductDependencies = (
			);
			productName = 3dGameUITests;
			productReference = 7BF2CF862D42A8B800CC90CE /* 3dGameUITests.xctest */;
			productType = "com.apple.product-type.bundle.ui-testing";
		};
/* End PBXNativeTarget section */

/* Begin PBXProject section */
		7BF2CF5B2D42A8B600CC90CE /* Project object */ = {
			isa = PBXProject;
			attributes = {
				BuildIndependentTargetsInParallel = 1;
				LastSwiftUpdateCheck = 1620;
				LastUpgradeCheck = 1620;
				TargetAttributes = {
					7BF2CF622D42A8B600CC90CE = {
						CreatedOnToolsVersion = 16.2;
					};
					7BF2CF7B2D42A8B800CC90CE = {
						CreatedOnToolsVersion = 16.2;
						TestTargetID = 7BF2CF622D42A8B600CC90CE;
					};
					7BF2CF852D42A8B800CC90CE = {
						CreatedOnToolsVersion = 16.2;
						TestTargetID = 7BF2CF622D42A8B600CC90CE;
					};
				};
			};
			buildConfigurationList = 7BF2CF5E2D42A8B600CC90CE /* Build configuration list for PBXProject "3dGame" */;
			developmentRegion = en;
			hasScannedForEncodings = 0;
			knownRegions = (
				en,
				Base,
			);
			mainGroup = 7BF2CF5A2D42A8B600CC90CE;
			minimizedProjectReferenceProxies = 1;
			preferredProjectObjectVersion = 77;
			productRefGroup = 7BF2CF642D42A8B600CC90CE /* Products */;
			projectDirPath = "";
			projectRoot = "";
			targets = (
				7BF2CF622D42A8B600CC90CE /* 3dGame */,
				7BF2CF7B2D42A8B800CC90CE /* 3dGameTests */,
				7BF2CF852D42A8B800CC90CE /* 3dGameUITests */,
			);
		};
/* End PBXProject section */

/* Begin PBXResourcesBuildPhase section */
		7BF2CF612D42A8B600CC90CE /* Resources */ = {
			isa = PBXResourcesBuildPhase;
			buildActionMask = 2147483647;
			files = (
			);
			runOnlyForDeploymentPostprocessing = 0;
		};
		7BF2CF7A2D42A8B800CC90CE /* Resources */ = {
			isa = PBXResourcesBuildPhase;
			buildActionMask = 2147483647;
			files = (
			);
			runOnlyForDeploymentPostprocessing = 0;
		};
		7BF2CF842D42A8B800CC90CE /* Resources */ = {
			isa = PBXResourcesBuildPhase;
			buildActionMask = 2147483647;
			files = (
			);
			runOnlyForDeploymentPostprocessing = 0;
		};
/* End PBXResourcesBuildPhase section */

/* Begin PBXSourcesBuildPhase section */
		7BF2CF5F2D42A8B600CC90CE /* Sources */ = {
			isa = PBXSourcesBuildPhase;
			buildActionMask = 2147483647;
			files = (
			);
			runOnlyForDeploymentPostprocessing = 0;
		};
		7BF2CF782D42A8B800CC90CE /* Sources */ = {
			isa = PBXSourcesBuildPhase;
			buildActionMask = 2147483647;
			files = (
			);
			runOnlyForDeploymentPostprocessing = 0;
		};
		7BF2CF822D42A8B800CC90CE /* Sources */ = {
			isa = PBXSourcesBuildPhase;
			buildActionMask = 2147483647;
			files = (
			);
			runOnlyForDeploymentPostprocessing = 0;
		};
/* End PBXSourcesBuildPhase section */

/* Begin PBXTargetDependency section */
		7BF2CF7E2D42A8B800CC90CE /* PBXTargetDependency */ = {
			isa = PBXTargetDependency;
			target = 7BF2CF622D42A8B600CC90CE /* 3dGame */;
			targetProxy = 7BF2CF7D2D42A8B800CC90CE /* PBXContainerItemProxy */;
		};
		7BF2CF882D42A8B800CC90CE /* PBXTargetDependency */ = {
			isa = PBXTargetDependency;
			target = 7BF2CF622D42A8B600CC90CE /* 3dGame */;
			targetProxy = 7BF2CF872D42A8B800CC90CE /* PBXContainerItemProxy */;
		};
/* End PBXTargetDependency section */

/* Begin XCBuildConfiguration section */
		7BF2CF8E2D42A8B800CC90CE /* Debug */ = {
			isa = XCBuildConfiguration;
			buildSettings = {
				ALWAYS_SEARCH_USER_PATHS = NO;
				ASSETCATALOG_COMPILER_GENERATE_SWIFT_ASSET_SYMBOL_EXTENSIONS = YES;
				CLANG_ANALYZER_NONNULL = YES;
				CLANG_ANALYZER_NUMBER_OBJECT_CONVERSION = YES_AGGRESSIVE;
				CLANG_CXX_LANGUAGE_STANDARD = "gnu++20";
				CLANG_ENABLE_MODULES = YES;
				CLANG_ENABLE_OBJC_ARC = YES;
				CLANG_ENABLE_OBJC_WEAK = YES;
				CLANG_WARN_BLOCK_CAPTURE_AUTORELEASING = YES;
				CLANG_WARN_BOOL_CONVERSION = YES;
				CLANG_WARN_COMMA = YES;
				CLANG_WARN_CONSTANT_CONVERSION = YES;
				CLANG_WARN_DEPRECATED_OBJC_IMPLEMENTATIONS = YES;
				CLANG_WARN_DIRECT_OBJC_ISA_USAGE = YES_ERROR;
				CLANG_WARN_DOCUMENTATION_COMMENTS = YES;
				CLANG_WARN_EMPTY_BODY = YES;
				CLANG_WARN_ENUM_CONVERSION = YES;
				CLANG_WARN_INFINITE_RECURSION = YES;
				CLANG_WARN_INT_CONVERSION = YES;
				CLANG_WARN_NON_LITERAL_NULL_CONVERSION = YES;
				CLANG_WARN_OBJC_IMPLICIT_RETAIN_SELF = YES;
				CLANG_WARN_OBJC_LITERAL_CONVERSION = YES;
				CLANG_WARN_OBJC_ROOT_CLASS = YES_ERROR;
				CLANG_WARN_QUOTED_INCLUDE_IN_FRAMEWORK_HEADER = YES;
				CLANG_WARN_RANGE_LOOP_ANALYSIS = YES;
				CLANG_WARN_STRICT_PROTOTYPES = YES;
				CLANG_WARN_SUSPICIOUS_MOVE = YES;
				CLANG_WARN_UNGUARDED_AVAILABILITY = YES_AGGRESSIVE;
				CLANG_WARN_UNREACHABLE_CODE = YES;
				CLANG_WARN__DUPLICATE_METHOD_MATCH = YES;
				COPY_PHASE_STRIP = NO;
				DEBUG_INFORMATION_FORMAT = dwarf;
				ENABLE_STRICT_OBJC_MSGSEND = YES;
				ENABLE_TESTABILITY = YES;
				ENABLE_USER_SCRIPT_SANDBOXING = YES;
				GCC_C_LANGUAGE_STANDARD = gnu17;
				GCC_DYNAMIC_NO_PIC = NO;
				GCC_NO_COMMON_BLOCKS = YES;
				GCC_OPTIMIZATION_LEVEL = 0;
				GCC_PREPROCESSOR_DEFINITIONS = (
					"DEBUG=1",
					"$(inherited)",
				);
				GCC_WARN_64_TO_32_BIT_CONVERSION = YES;
				GCC_WARN_ABOUT_RETURN_TYPE = YES_ERROR;
				GCC_WARN_UNDECLARED_SELECTOR = YES;
				GCC_WARN_UNINITIALIZED_AUTOS = YES_AGGRESSIVE;
				GCC_WARN_UNUSED_FUNCTION = YES;
				GCC_WARN_UNUSED_VARIABLE = YES;
				IPHONEOS_DEPLOYMENT_TARGET = 18.2;
				LOCALIZATION_PREFERS_STRING_CATALOGS = YES;
				MTL_ENABLE_DEBUG_INFO = INCLUDE_SOURCE;
				MTL_FAST_MATH = YES;
				ONLY_ACTIVE_ARCH = YES;
				SDKROOT = iphoneos;
				SWIFT_ACTIVE_COMPILATION_CONDITIONS = "DEBUG $(inherited)";
				SWIFT_OPTIMIZATION_LEVEL = "-Onone";
			};
			name = Debug;
		};
		7BF2CF8F2D42A8B800CC90CE /* Release */ = {
			isa = XCBuildConfiguration;
			buildSettings = {
				ALWAYS_SEARCH_USER_PATHS = NO;
				ASSETCATALOG_COMPILER_GENERATE_SWIFT_ASSET_SYMBOL_EXTENSIONS = YES;
				CLANG_ANALYZER_NONNULL = YES;
				CLANG_ANALYZER_NUMBER_OBJECT_CONVERSION = YES_AGGRESSIVE;
				CLANG_CXX_LANGUAGE_STANDARD = "gnu++20";
				CLANG_ENABLE_MODULES = YES;
				CLANG_ENABLE_OBJC_ARC = YES;
				CLANG_ENABLE_OBJC_WEAK = YES;
				CLANG_WARN_BLOCK_CAPTURE_AUTORELEASING = YES;
				CLANG_WARN_BOOL_CONVERSION = YES;
				CLANG_WARN_COMMA = YES;
				CLANG_WARN_CONSTANT_CONVERSION = YES;
				CLANG_WARN_DEPRECATED_OBJC_IMPLEMENTATIONS = YES;
				CLANG_WARN_DIRECT_OBJC_ISA_USAGE = YES_ERROR;
				CLANG_WARN_DOCUMENTATION_COMMENTS = YES;
				CLANG_WARN_EMPTY_BODY = YES;
				CLANG_WARN_ENUM_CONVERSION = YES;
				CLANG_WARN_INFINITE_RECURSION = YES;
				CLANG_WARN_INT_CONVERSION = YES;
				CLANG_WARN_NON_LITERAL_NULL_CONVERSION = YES;
				CLANG_WARN_OBJC_IMPLICIT_RETAIN_SELF = YES;
				CLANG_WARN_OBJC_LITERAL_CONVERSION = YES;
				CLANG_WARN_OBJC_ROOT_CLASS = YES_ERROR;
				CLANG_WARN_QUOTED_INCLUDE_IN_FRAMEWORK_HEADER = YES;
				CLANG_WARN_RANGE_LOOP_ANALYSIS = YES;
				CLANG_WARN_STRICT_PROTOTYPES = YES;
				CLANG_WARN_SUSPICIOUS_MOVE = YES;
				CLANG_WARN_UNGUARDED_AVAILABILITY = YES_AGGRESSIVE;
				CLANG_WARN_UNREACHABLE_CODE = YES;
				CLANG_WARN__DUPLICATE_METHOD_MATCH = YES;
				COPY_PHASE_STRIP = NO;
				DEBUG_INFORMATION_FORMAT = "dwarf-with-dsym";
				ENABLE_NS_ASSERTIONS = NO;
				ENABLE_STRICT_OBJC_MSGSEND = YES;
				ENABLE_USER_SCRIPT_SANDBOXING = YES;
				GCC_C_LANGUAGE_STANDARD = gnu17;
				GCC_NO_COMMON_BLOCKS = YES;
				GCC_WARN_64_TO_32_BIT_CONVERSION = YES;
				GCC_WARN_ABOUT_RETURN_TYPE = YES_ERROR;
				GCC_WARN_UNDECLARED_SELECTOR = YES;
				GCC_WARN_UNINITIALIZED_AUTOS = YES_AGGRESSIVE;
				GCC_WARN_UNUSED_FUNCTION = YES;
				GCC_WARN_UNUSED_VARIABLE = YES;
				IPHONEOS_DEPLOYMENT_TARGET = 18.2;
				LOCALIZATION_PREFERS_STRING_CATALOGS = YES;
				MTL_ENABLE_DEBUG_INFO = NO;
				MTL_FAST_MATH = YES;
				SDKROOT = iphoneos;
				SWIFT_COMPILATION_MODE = wholemodule;
				VALIDATE_PRODUCT = YES;
			};
			name = Release;
		};
		7BF2CF912D42A8B800CC90CE /* Debug */ = {
			isa = XCBuildConfiguration;
			buildSettings = {
				ASSETCATALOG_COMPILER_APPICON_NAME = AppIcon;
				ASSETCATALOG_COMPILER_GLOBAL_ACCENT_COLOR_NAME = AccentColor;
				CODE_SIGN_STYLE = Automatic;
				CURRENT_PROJECT_VERSION = 1;
				DEVELOPMENT_TEAM = LD8U27P49R;
				GENERATE_INFOPLIST_FILE = YES;
				INFOPLIST_KEY_UIApplicationSupportsIndirectInputEvents = YES;
				INFOPLIST_KEY_UILaunchStoryboardName = LaunchScreen;
				INFOPLIST_KEY_UIMainStoryboardFile = Main;
				INFOPLIST_KEY_UIStatusBarHidden = YES;
				INFOPLIST_KEY_UISupportedInterfaceOrientations_iPad = "UIInterfaceOrientationPortrait UIInterfaceOrientationPortraitUpsideDown UIInterfaceOrientationLandscapeLeft UIInterfaceOrientationLandscapeRight";
				INFOPLIST_KEY_UISupportedInterfaceOrientations_iPhone = "UIInterfaceOrientationPortrait UIInterfaceOrientationLandscapeLeft UIInterfaceOrientationLandscapeRight";
				LD_RUNPATH_SEARCH_PATHS = (
					"$(inherited)",
					"@executable_path/Frameworks",
				);
				MARKETING_VERSION = 1.0;
				PRODUCT_BUNDLE_IDENTIFIER = "tg.-dGame";
				PRODUCT_NAME = "$(TARGET_NAME)";
				SWIFT_EMIT_LOC_STRINGS = YES;
				SWIFT_VERSION = 5.0;
				TARGETED_DEVICE_FAMILY = "1,2";
			};
			name = Debug;
		};
		7BF2CF922D42A8B800CC90CE /* Release */ = {
			isa = XCBuildConfiguration;
			buildSettings = {
				ASSETCATALOG_COMPILER_APPICON_NAME = AppIcon;
				ASSETCATALOG_COMPILER_GLOBAL_ACCENT_COLOR_NAME = AccentColor;
				CODE_SIGN_STYLE = Automatic;
				CURRENT_PROJECT_VERSION = 1;
				DEVELOPMENT_TEAM = LD8U27P49R;
				GENERATE_INFOPLIST_FILE = YES;
				INFOPLIST_KEY_UIApplicationSupportsIndirectInputEvents = YES;
				INFOPLIST_KEY_UILaunchStoryboardName = LaunchScreen;
				INFOPLIST_KEY_UIMainStoryboardFile = Main;
				INFOPLIST_KEY_UIStatusBarHidden = YES;
				INFOPLIST_KEY_UISupportedInterfaceOrientations_iPad = "UIInterfaceOrientationPortrait UIInterfaceOrientationPortraitUpsideDown UIInterfaceOrientationLandscapeLeft UIInterfaceOrientationLandscapeRight";
				INFOPLIST_KEY_UISupportedInterfaceOrientations_iPhone = "UIInterfaceOrientationPortrait UIInterfaceOrientationLandscapeLeft UIInterfaceOrientationLandscapeRight";
				LD_RUNPATH_SEARCH_PATHS = (
					"$(inherited)",
					"@executable_path/Frameworks",
				);
				MARKETING_VERSION = 1.0;
				PRODUCT_BUNDLE_IDENTIFIER = "tg.-dGame";
				PRODUCT_NAME = "$(TARGET_NAME)";
				SWIFT_EMIT_LOC_STRINGS = YES;
				SWIFT_VERSION = 5.0;
				TARGETED_DEVICE_FAMILY = "1,2";
			};
			name = Release;
		};
		7BF2CF942D42A8B800CC90CE /* Debug */ = {
			isa = XCBuildConfiguration;
			buildSettings = {
				BUNDLE_LOADER = "$(TEST_HOST)";
				CODE_SIGN_STYLE = Automatic;
				CURRENT_PROJECT_VERSION = 1;
				GENERATE_INFOPLIST_FILE = YES;
				IPHONEOS_DEPLOYMENT_TARGET = 18.2;
				MARKETING_VERSION = 1.0;
				PRODUCT_BUNDLE_IDENTIFIER = "tg.-dGameTests";
				PRODUCT_NAME = "$(TARGET_NAME)";
				SWIFT_EMIT_LOC_STRINGS = NO;
				SWIFT_VERSION = 5.0;
				TARGETED_DEVICE_FAMILY = "1,2";
				TEST_HOST = "$(BUILT_PRODUCTS_DIR)/3dGame.app/$(BUNDLE_EXECUTABLE_FOLDER_PATH)/3dGame";
			};
			name = Debug;
		};
		7BF2CF952D42A8B800CC90CE /* Release */ = {
			isa = XCBuildConfiguration;
			buildSettings = {
				BUNDLE_LOADER = "$(TEST_HOST)";
				CODE_SIGN_STYLE = Automatic;
				CURRENT_PROJECT_VERSION = 1;
				GENERATE_INFOPLIST_FILE = YES;
				IPHONEOS_DEPLOYMENT_TARGET = 18.2;
				MARKETING_VERSION = 1.0;
				PRODUCT_BUNDLE_IDENTIFIER = "tg.-dGameTests";
				PRODUCT_NAME = "$(TARGET_NAME)";
				SWIFT_EMIT_LOC_STRINGS = NO;
				SWIFT_VERSION = 5.0;
				TARGETED_DEVICE_FAMILY = "1,2";
				TEST_HOST = "$(BUILT_PRODUCTS_DIR)/3dGame.app/$(BUNDLE_EXECUTABLE_FOLDER_PATH)/3dGame";
			};
			name = Release;
		};
		7BF2CF972D42A8B800CC90CE /* Debug */ = {
			isa = XCBuildConfiguration;
			buildSettings = {
				CODE_SIGN_STYLE = Automatic;
				CURRENT_PROJECT_VERSION = 1;
				GENERATE_INFOPLIST_FILE = YES;
				MARKETING_VERSION = 1.0;
				PRODUCT_BUNDLE_IDENTIFIER = "tg.-dGameUITests";
				PRODUCT_NAME = "$(TARGET_NAME)";
				SWIFT_EMIT_LOC_STRINGS = NO;
				SWIFT_VERSION = 5.0;
				TARGETED_DEVICE_FAMILY = "1,2";
				TEST_TARGET_NAME = 3dGame;
			};
			name = Debug;
		};
		7BF2CF982D42A8B800CC90CE /* Release */ = {
			isa = XCBuildConfiguration;
			buildSettings = {
				CODE_SIGN_STYLE = Automatic;
				CURRENT_PROJECT_VERSION = 1;
				GENERATE_INFOPLIST_FILE = YES;
				MARKETING_VERSION = 1.0;
				PRODUCT_BUNDLE_IDENTIFIER = "tg.-dGameUITests";
				PRODUCT_NAME = "$(TARGET_NAME)";
				SWIFT_EMIT_LOC_STRINGS = NO;
				SWIFT_VERSION = 5.0;
				TARGETED_DEVICE_FAMILY = "1,2";
				TEST_TARGET_NAME = 3dGame;
			};
			name = Release;
		};
/* End XCBuildConfiguration section */

/* Begin XCConfigurationList section */
		7BF2CF5E2D42A8B600CC90CE /* Build configuration list for PBXProject "3dGame" */ = {
			isa = XCConfigurationList;
			buildConfigurations = (
				7BF2CF8E2D42A8B800CC90CE /* Debug */,
				7BF2CF8F2D42A8B800CC90CE /* Release */,
			);
			defaultConfigurationIsVisible = 0;
			defaultConfigurationName = Release;
		};
		7BF2CF902D42A8B800CC90CE /* Build configuration list for PBXNativeTarget "3dGame" */ = {
			isa = XCConfigurationList;
			buildConfigurations = (
				7BF2CF912D42A8B800CC90CE /* Debug */,
				7BF2CF922D42A8B800CC90CE /* Release */,
			);
			defaultConfigurationIsVisible = 0;
			defaultConfigurationName = Release;
		};
		7BF2CF932D42A8B800CC90CE /* Build configuration list for PBXNativeTarget "3dGameTests" */ = {
			isa = XCConfigurationList;
			buildConfigurations = (
				7BF2CF942D42A8B800CC90CE /* Debug */,
				7BF2CF952D42A8B800CC90CE /* Release */,
			);
			defaultConfigurationIsVisible = 0;
			defaultConfigurationName = Release;
		};
		7BF2CF962D42A8B800CC90CE /* Build configuration list for PBXNativeTarget "3dGameUITests" */ = {
			isa = XCConfigurationList;
			buildConfigurations = (
				7BF2CF972D42A8B800CC90CE /* Debug */,
				7BF2CF982D42A8B800CC90CE /* Release */,
			);
			defaultConfigurationIsVisible = 0;
			defaultConfigurationName = Release;
		};
/* End XCConfigurationList section */
	};
	rootObject = 7BF2CF5B2D42A8B600CC90CE /* Project object */;
}
